
Microsoft Visual Studio Solution File, Format Version 12.00
# Visual Studio Version 17
VisualStudioVersion = 17.0.31903.59
MinimumVisualStudioVersion = 10.0.40219.1
Project("{FAE04EC0-301F-11D3-BF4B-00C04F79EFBC}") = "PE04", "PE04\PE04.csproj", "{E8440DEC-0D0E-4FAE-9123-38DEB8ADA393}"
EndProject
Project("{FAE04EC0-301F-11D3-BF4B-00C04F79EFBC}") = "RefValTest", "RefValTest\RefValTest.csproj", "{8FE02461-21AE-44A4-B2B1-BE9C170CEB34}"
EndProject
Global
	GlobalSection(SolutionConfigurationPlatforms) = preSolution
		Debug|Any CPU = Debug|Any CPU
		Release|Any CPU = Release|Any CPU
	EndGlobalSection
	GlobalSection(SolutionProperties) = preSolution
		HideSolutionNode = FALSE
	EndGlobalSection
	GlobalSection(ProjectConfigurationPlatforms) = postSolution
		{E8440DEC-0D0E-4FAE-9123-38DEB8ADA393}.Debug|Any CPU.ActiveCfg = Debug|Any CPU
		{E8440DEC-0D0E-4FAE-9123-38DEB8ADA393}.Debug|Any CPU.Build.0 = Debug|Any CPU
		{E8440DEC-0D0E-4FAE-9123-38DEB8ADA393}.Release|Any CPU.ActiveCfg = Release|Any CPU
		{E8440DEC-0D0E-4FAE-9123-38DEB8ADA393}.Release|Any CPU.Build.0 = Release|Any CPU
		{8FE02461-21AE-44A4-B2B1-BE9C170CEB34}.Debug|Any CPU.ActiveCfg = Debug|Any CPU
		{8FE02461-21AE-44A4-B2B1-BE9C170CEB34}.Debug|Any CPU.Build.0 = Debug|Any CPU
		{8FE02461-21AE-44A4-B2B1-BE9C170CEB34}.Release|Any CPU.ActiveCfg = Release|Any CPU
		{8FE02461-21AE-44A4-B2B1-BE9C170CEB34}.Release|Any CPU.Build.0 = Release|Any CPU
	EndGlobalSection
EndGlobal
