
Microsoft Visual Studio Solution File, Format Version 12.00
# Visual Studio Version 17
VisualStudioVersion = 17.0.31903.59
MinimumVisualStudioVersion = 10.0.40219.1
Project("{FAE04EC0-301F-11D3-BF4B-00C04F79EFBC}") = "SwapTest", "SwapTest\SwapTest.csproj", "{78181126-8B72-485B-AFAC-9F7071C876C9}"
EndProject
Project("{FAE04EC0-301F-11D3-BF4B-00C04F79EFBC}") = "ColorListTest", "ColorListTest\ColorListTest.csproj", "{F9ACFCBE-A93A-4B08-8778-395241E36895}"
EndProject
Global
	GlobalSection(SolutionConfigurationPlatforms) = preSolution
		Debug|Any CPU = Debug|Any CPU
		Release|Any CPU = Release|Any CPU
	EndGlobalSection
	GlobalSection(SolutionProperties) = preSolution
		HideSolutionNode = FALSE
	EndGlobalSection
	GlobalSection(ProjectConfigurationPlatforms) = postSolution
		{78181126-8B72-485B-AFAC-9F7071C876C9}.Debug|Any CPU.ActiveCfg = Debug|Any CPU
		{78181126-8B72-485B-AFAC-9F7071C876C9}.Debug|Any CPU.Build.0 = Debug|Any CPU
		{78181126-8B72-485B-AFAC-9F7071C876C9}.Release|Any CPU.ActiveCfg = Release|Any CPU
		{78181126-8B72-485B-AFAC-9F7071C876C9}.Release|Any CPU.Build.0 = Release|Any CPU
		{F9ACFCBE-A93A-4B08-8778-395241E36895}.Debug|Any CPU.ActiveCfg = Debug|Any CPU
		{F9ACFCBE-A93A-4B08-8778-395241E36895}.Debug|Any CPU.Build.0 = Debug|Any CPU
		{F9ACFCBE-A93A-4B08-8778-395241E36895}.Release|Any CPU.ActiveCfg = Release|Any CPU
		{F9ACFCBE-A93A-4B08-8778-395241E36895}.Release|Any CPU.Build.0 = Release|Any CPU
	EndGlobalSection
EndGlobal
