
Microsoft Visual Studio Solution File, Format Version 12.00
# Visual Studio Version 17
VisualStudioVersion = 17.0.31903.59
MinimumVisualStudioVersion = 10.0.40219.1
Project("{FAE04EC0-301F-11D3-BF4B-00C04F79EFBC}") = "HOS04", "HOS04\HOS04.csproj", "{6CCB1413-30F0-4F89-85FC-C0925D460A90}"
EndProject
Project("{FAE04EC0-301F-11D3-BF4B-00C04F79EFBC}") = "Scopes", "Scopes\Scopes.csproj", "{1E319CB1-5561-4EAF-A1A2-7614DEE035EA}"
EndProject
Global
	GlobalSection(SolutionConfigurationPlatforms) = preSolution
		Debug|Any CPU = Debug|Any CPU
		Release|Any CPU = Release|Any CPU
	EndGlobalSection
	GlobalSection(SolutionProperties) = preSolution
		HideSolutionNode = FALSE
	EndGlobalSection
	GlobalSection(ProjectConfigurationPlatforms) = postSolution
		{6CCB1413-30F0-4F89-85FC-C0925D460A90}.Debug|Any CPU.ActiveCfg = Debug|Any CPU
		{6CCB1413-30F0-4F89-85FC-C0925D460A90}.Debug|Any CPU.Build.0 = Debug|Any CPU
		{6CCB1413-30F0-4F89-85FC-C0925D460A90}.Release|Any CPU.ActiveCfg = Release|Any CPU
		{6CCB1413-30F0-4F89-85FC-C0925D460A90}.Release|Any CPU.Build.0 = Release|Any CPU
		{1E319CB1-5561-4EAF-A1A2-7614DEE035EA}.Debug|Any CPU.ActiveCfg = Debug|Any CPU
		{1E319CB1-5561-4EAF-A1A2-7614DEE035EA}.Debug|Any CPU.Build.0 = Debug|Any CPU
		{1E319CB1-5561-4EAF-A1A2-7614DEE035EA}.Release|Any CPU.ActiveCfg = Release|Any CPU
		{1E319CB1-5561-4EAF-A1A2-7614DEE035EA}.Release|Any CPU.Build.0 = Release|Any CPU
	EndGlobalSection
EndGlobal
