Microsoft Visual Studio Solution File, Format Version 12.00
# Visual Studio Version 17
VisualStudioVersion = 17.5.2.0
MinimumVisualStudioVersion = 10.0.40219.1
Project("{FAE04EC0-301F-11D3-BF4B-00C04F79EFBC}") = "RefValTest", "RefValTest.csproj", "{938294CD-52EB-5F0F-662E-03FD8622F9B2}"
EndProject
Global
	GlobalSection(SolutionConfigurationPlatforms) = preSolution
		Debug|Any CPU = Debug|Any CPU
		Release|Any CPU = Release|Any CPU
	EndGlobalSection
	GlobalSection(ProjectConfigurationPlatforms) = postSolution
		{938294CD-52EB-5F0F-662E-03FD8622F9B2}.Debug|Any CPU.ActiveCfg = Debug|Any CPU
		{938294CD-52EB-5F0F-662E-03FD8622F9B2}.Debug|Any CPU.Build.0 = Debug|Any CPU
		{938294CD-52EB-5F0F-662E-03FD8622F9B2}.Release|Any CPU.ActiveCfg = Release|Any CPU
		{938294CD-52EB-5F0F-662E-03FD8622F9B2}.Release|Any CPU.Build.0 = Release|Any CPU
	EndGlobalSection
	GlobalSection(SolutionProperties) = preSolution
		HideSolutionNode = FALSE
	EndGlobalSection
	GlobalSection(ExtensibilityGlobals) = postSolution
		SolutionGuid = {DBC54B78-78CA-4E38-B02F-D5773A3D4AC2}
	EndGlobalSection
EndGlobal
